
Microsoft Visual Studio Solution File, Format Version 12.00
# Visual Studio Version 17
VisualStudioVersion = 17.9.34902.65
MinimumVisualStudioVersion = 10.0.40219.1
Project("{9A19103F-16F7-4668-BE54-9A1E7A4F7556}") = "EmployeeAPI", "EmployeeAPI\EmployeeAPI.csproj", "{79435A43-FC9D-4F77-977E-D7E019818D60}"
EndProject
Project("{2150E333-8FDC-42A3-9474-1A3956D46DE8}") = "src", "src", "{E59761DE-496F-466D-B20E-598955D4CD83}"
EndProject
Project("{2150E333-8FDC-42A3-9474-1A3956D46DE8}") = "Tests", "Tests", "{0A2D177F-B607-48C0-A7E2-86F26CE2CF2B}"
EndProject
Project("{FAE04EC0-301F-11D3-BF4B-00C04F79EFBC}") = "EmployeeAPITests", "Tests\EmployeeAPITests\EmployeeAPITests.csproj", "{1FFFA610-0272-4162-99DA-0929DECE614F}"
EndProject
Global
	GlobalSection(SolutionConfigurationPlatforms) = preSolution
		Debug|Any CPU = Debug|Any CPU
		Release|Any CPU = Release|Any CPU
	EndGlobalSection
	GlobalSection(ProjectConfigurationPlatforms) = postSolution
		{79435A43-FC9D-4F77-977E-D7E019818D60}.Debug|Any CPU.ActiveCfg = Debug|Any CPU
		{79435A43-FC9D-4F77-977E-D7E019818D60}.Debug|Any CPU.Build.0 = Debug|Any CPU
		{79435A43-FC9D-4F77-977E-D7E019818D60}.Release|Any CPU.ActiveCfg = Release|Any CPU
		{79435A43-FC9D-4F77-977E-D7E019818D60}.Release|Any CPU.Build.0 = Release|Any CPU
		{1FFFA610-0272-4162-99DA-0929DECE614F}.Debug|Any CPU.ActiveCfg = Debug|Any CPU
		{1FFFA610-0272-4162-99DA-0929DECE614F}.Debug|Any CPU.Build.0 = Debug|Any CPU
		{1FFFA610-0272-4162-99DA-0929DECE614F}.Release|Any CPU.ActiveCfg = Release|Any CPU
		{1FFFA610-0272-4162-99DA-0929DECE614F}.Release|Any CPU.Build.0 = Release|Any CPU
	EndGlobalSection
	GlobalSection(SolutionProperties) = preSolution
		HideSolutionNode = FALSE
	EndGlobalSection
	GlobalSection(NestedProjects) = preSolution
		{79435A43-FC9D-4F77-977E-D7E019818D60} = {E59761DE-496F-466D-B20E-598955D4CD83}
		{1FFFA610-0272-4162-99DA-0929DECE614F} = {0A2D177F-B607-48C0-A7E2-86F26CE2CF2B}
	EndGlobalSection
	GlobalSection(ExtensibilityGlobals) = postSolution
		SolutionGuid = {8BF57F82-B011-46CD-9F0F-9B3EAC417029}
	EndGlobalSection
EndGlobal
